
Microsoft Visual Studio Solution File, Format Version 12.00
# Visual Studio Version 17
VisualStudioVersion = 17.5.002.0
MinimumVisualStudioVersion = 10.0.40219.1
Project("{2150E333-8FDC-42A3-9474-1A3956D46DE8}") = "csharp-prep", "csharp-prep", "{C3B097F6-7A86-4CF1-8A8A-A3533D7883DB}"
EndProject
Project("{9A19103F-16F7-4668-BE54-9A1E7A4F7556}") = "Prep1", "csharp-prep\Prep1\Prep1.csproj", "{31FD5CBF-EA7C-46CC-A06B-CDB040290837}"
EndProject
Project("{9A19103F-16F7-4668-BE54-9A1E7A4F7556}") = "Prep2", "csharp-prep\Prep2\Prep2.csproj", "{23A8318E-556E-484F-907B-7795F4FD0A79}"
EndProject
Project("{9A19103F-16F7-4668-BE54-9A1E7A4F7556}") = "Prep3", "csharp-prep\Prep3\Prep3.csproj", "{362E6C34-930F-405C-89C8-BDE67158BB12}"
EndProject
Project("{9A19103F-16F7-4668-BE54-9A1E7A4F7556}") = "Prep4", "csharp-prep\Prep4\Prep4.csproj", "{C4B815E2-9A98-42B2-B53E-8A6022987EC3}"
EndProject
Project("{9A19103F-16F7-4668-BE54-9A1E7A4F7556}") = "Prep5", "csharp-prep\Prep5\Prep5.csproj", "{9CDA1285-1914-4EEC-ACAF-7421690E7115}"
EndProject
Project("{2150E333-8FDC-42A3-9474-1A3956D46DE8}") = "final", "final", "{9BDACEE1-F0B4-4AB4-A8DC-8EC598EB752B}"
EndProject
Project("{9A19103F-16F7-4668-BE54-9A1E7A4F7556}") = "FinalProject", "final\FinalProject\FinalProject.csproj", "{BFCFAFE4-803C-4044-A872-3944A17F8CA9}"
EndProject
Project("{9A19103F-16F7-4668-BE54-9A1E7A4F7556}") = "Foundation1", "final\Foundation1\Foundation1.csproj", "{20573D40-6B73-4B74-A81D-2224E36C87AE}"
EndProject
Project("{9A19103F-16F7-4668-BE54-9A1E7A4F7556}") = "Foundation2", "final\Foundation2\Foundation2.csproj", "{7BEFFED2-A19A-437A-9418-85AB7D7CE6F9}"
EndProject
Project("{9A19103F-16F7-4668-BE54-9A1E7A4F7556}") = "Foundation3", "final\Foundation3\Foundation3.csproj", "{F6608D87-82B7-43E1-9A22-814CD2F3B1DC}"
EndProject
Project("{9A19103F-16F7-4668-BE54-9A1E7A4F7556}") = "Foundation4", "final\Foundation4\Foundation4.csproj", "{9762F786-DF2E-45E3-9F4B-4290BD333275}"
EndProject
Project("{2150E333-8FDC-42A3-9474-1A3956D46DE8}") = "prepare", "prepare", "{1B31681F-FBCE-4AF8-B2A1-7569EF90C22A}"
EndProject
Project("{9A19103F-16F7-4668-BE54-9A1E7A4F7556}") = "Learning02", "prepare\Learning02\Learning02.csproj", "{D0313AEB-D697-4C37-BEF9-3854A5CAD203}"
EndProject
Project("{9A19103F-16F7-4668-BE54-9A1E7A4F7556}") = "Learning03", "prepare\Learning03\Learning03.csproj", "{B32B2394-0470-403D-B92D-A4AF561D7E0F}"
EndProject
Project("{9A19103F-16F7-4668-BE54-9A1E7A4F7556}") = "Learning04", "prepare\Learning04\Learning04.csproj", "{7F364302-FF44-4101-8ED9-256521543AE6}"
EndProject
Project("{9A19103F-16F7-4668-BE54-9A1E7A4F7556}") = "Learning05", "prepare\Learning05\Learning05.csproj", "{B65FA38A-578A-4F3B-B402-48E17FBF1AB0}"
EndProject
Project("{2150E333-8FDC-42A3-9474-1A3956D46DE8}") = "prove", "prove", "{6F32EBB7-E403-4012-B2FC-C7675E3DC83A}"
EndProject
Project("{9A19103F-16F7-4668-BE54-9A1E7A4F7556}") = "Develop02", "prove\Develop02\Develop02.csproj", "{B7C78C15-C8AE-4335-8402-16AAD8690851}"
EndProject
Project("{9A19103F-16F7-4668-BE54-9A1E7A4F7556}") = "Develop03", "prove\Develop03\Develop03.csproj", "{44A76E08-44B9-408C-8CF5-14212E72F399}"
EndProject
Project("{9A19103F-16F7-4668-BE54-9A1E7A4F7556}") = "Develop04", "prove\Develop04\Develop04.csproj", "{8231FB27-0612-49DB-94A1-F47326B6C9B5}"
EndProject
Project("{9A19103F-16F7-4668-BE54-9A1E7A4F7556}") = "Develop05", "prove\Develop05\Develop05.csproj", "{5CF292F6-0661-44F9-AB50-D01437353ACA}"
EndProject
Project("{2150E333-8FDC-42A3-9474-1A3956D46DE8}") = "sandbox", "sandbox", "{315FCDBD-805A-4B5E-BA2E-199A141D9E28}"
EndProject
Project("{9A19103F-16F7-4668-BE54-9A1E7A4F7556}") = "Sandbox", "sandbox\Sandbox\Sandbox.csproj", "{C4353DD6-8916-4E86-A73C-274A8817C245}"
EndProject
Global
	GlobalSection(SolutionConfigurationPlatforms) = preSolution
		Debug|Any CPU = Debug|Any CPU
		Release|Any CPU = Release|Any CPU
	EndGlobalSection
	GlobalSection(ProjectConfigurationPlatforms) = postSolution
		{31FD5CBF-EA7C-46CC-A06B-CDB040290837}.Debug|Any CPU.ActiveCfg = Debug|Any CPU
		{31FD5CBF-EA7C-46CC-A06B-CDB040290837}.Debug|Any CPU.Build.0 = Debug|Any CPU
		{31FD5CBF-EA7C-46CC-A06B-CDB040290837}.Release|Any CPU.ActiveCfg = Release|Any CPU
		{31FD5CBF-EA7C-46CC-A06B-CDB040290837}.Release|Any CPU.Build.0 = Release|Any CPU
		{23A8318E-556E-484F-907B-7795F4FD0A79}.Debug|Any CPU.ActiveCfg = Debug|Any CPU
		{23A8318E-556E-484F-907B-7795F4FD0A79}.Debug|Any CPU.Build.0 = Debug|Any CPU
		{23A8318E-556E-484F-907B-7795F4FD0A79}.Release|Any CPU.ActiveCfg = Release|Any CPU
		{23A8318E-556E-484F-907B-7795F4FD0A79}.Release|Any CPU.Build.0 = Release|Any CPU
		{362E6C34-930F-405C-89C8-BDE67158BB12}.Debug|Any CPU.ActiveCfg = Debug|Any CPU
		{362E6C34-930F-405C-89C8-BDE67158BB12}.Debug|Any CPU.Build.0 = Debug|Any CPU
		{362E6C34-930F-405C-89C8-BDE67158BB12}.Release|Any CPU.ActiveCfg = Release|Any CPU
		{362E6C34-930F-405C-89C8-BDE67158BB12}.Release|Any CPU.Build.0 = Release|Any CPU
		{C4B815E2-9A98-42B2-B53E-8A6022987EC3}.Debug|Any CPU.ActiveCfg = Debug|Any CPU
		{C4B815E2-9A98-42B2-B53E-8A6022987EC3}.Debug|Any CPU.Build.0 = Debug|Any CPU
		{C4B815E2-9A98-42B2-B53E-8A6022987EC3}.Release|Any CPU.ActiveCfg = Release|Any CPU
		{C4B815E2-9A98-42B2-B53E-8A6022987EC3}.Release|Any CPU.Build.0 = Release|Any CPU
		{9CDA1285-1914-4EEC-ACAF-7421690E7115}.Debug|Any CPU.ActiveCfg = Debug|Any CPU
		{9CDA1285-1914-4EEC-ACAF-7421690E7115}.Debug|Any CPU.Build.0 = Debug|Any CPU
		{9CDA1285-1914-4EEC-ACAF-7421690E7115}.Release|Any CPU.ActiveCfg = Release|Any CPU
		{9CDA1285-1914-4EEC-ACAF-7421690E7115}.Release|Any CPU.Build.0 = Release|Any CPU
		{BFCFAFE4-803C-4044-A872-3944A17F8CA9}.Debug|Any CPU.ActiveCfg = Debug|Any CPU
		{BFCFAFE4-803C-4044-A872-3944A17F8CA9}.Debug|Any CPU.Build.0 = Debug|Any CPU
		{BFCFAFE4-803C-4044-A872-3944A17F8CA9}.Release|Any CPU.ActiveCfg = Release|Any CPU
		{BFCFAFE4-803C-4044-A872-3944A17F8CA9}.Release|Any CPU.Build.0 = Release|Any CPU
		{20573D40-6B73-4B74-A81D-2224E36C87AE}.Debug|Any CPU.ActiveCfg = Debug|Any CPU
		{20573D40-6B73-4B74-A81D-2224E36C87AE}.Debug|Any CPU.Build.0 = Debug|Any CPU
		{20573D40-6B73-4B74-A81D-2224E36C87AE}.Release|Any CPU.ActiveCfg = Release|Any CPU
		{20573D40-6B73-4B74-A81D-2224E36C87AE}.Release|Any CPU.Build.0 = Release|Any CPU
		{7BEFFED2-A19A-437A-9418-85AB7D7CE6F9}.Debug|Any CPU.ActiveCfg = Debug|Any CPU
		{7BEFFED2-A19A-437A-9418-85AB7D7CE6F9}.Debug|Any CPU.Build.0 = Debug|Any CPU
		{7BEFFED2-A19A-437A-9418-85AB7D7CE6F9}.Release|Any CPU.ActiveCfg = Release|Any CPU
		{7BEFFED2-A19A-437A-9418-85AB7D7CE6F9}.Release|Any CPU.Build.0 = Release|Any CPU
		{F6608D87-82B7-43E1-9A22-814CD2F3B1DC}.Debug|Any CPU.ActiveCfg = Debug|Any CPU
		{F6608D87-82B7-43E1-9A22-814CD2F3B1DC}.Debug|Any CPU.Build.0 = Debug|Any CPU
		{F6608D87-82B7-43E1-9A22-814CD2F3B1DC}.Release|Any CPU.ActiveCfg = Release|Any CPU
		{F6608D87-82B7-43E1-9A22-814CD2F3B1DC}.Release|Any CPU.Build.0 = Release|Any CPU
		{9762F786-DF2E-45E3-9F4B-4290BD333275}.Debug|Any CPU.ActiveCfg = Debug|Any CPU
		{9762F786-DF2E-45E3-9F4B-4290BD333275}.Debug|Any CPU.Build.0 = Debug|Any CPU
		{9762F786-DF2E-45E3-9F4B-4290BD333275}.Release|Any CPU.ActiveCfg = Release|Any CPU
		{9762F786-DF2E-45E3-9F4B-4290BD333275}.Release|Any CPU.Build.0 = Release|Any CPU
		{D0313AEB-D697-4C37-BEF9-3854A5CAD203}.Debug|Any CPU.ActiveCfg = Debug|Any CPU
		{D0313AEB-D697-4C37-BEF9-3854A5CAD203}.Debug|Any CPU.Build.0 = Debug|Any CPU
		{D0313AEB-D697-4C37-BEF9-3854A5CAD203}.Release|Any CPU.ActiveCfg = Release|Any CPU
		{D0313AEB-D697-4C37-BEF9-3854A5CAD203}.Release|Any CPU.Build.0 = Release|Any CPU
		{B32B2394-0470-403D-B92D-A4AF561D7E0F}.Debug|Any CPU.ActiveCfg = Debug|Any CPU
		{B32B2394-0470-403D-B92D-A4AF561D7E0F}.Debug|Any CPU.Build.0 = Debug|Any CPU
		{B32B2394-0470-403D-B92D-A4AF561D7E0F}.Release|Any CPU.ActiveCfg = Release|Any CPU
		{B32B2394-0470-403D-B92D-A4AF561D7E0F}.Release|Any CPU.Build.0 = Release|Any CPU
		{7F364302-FF44-4101-8ED9-256521543AE6}.Debug|Any CPU.ActiveCfg = Debug|Any CPU
		{7F364302-FF44-4101-8ED9-256521543AE6}.Debug|Any CPU.Build.0 = Debug|Any CPU
		{7F364302-FF44-4101-8ED9-256521543AE6}.Release|Any CPU.ActiveCfg = Release|Any CPU
		{7F364302-FF44-4101-8ED9-256521543AE6}.Release|Any CPU.Build.0 = Release|Any CPU
		{B65FA38A-578A-4F3B-B402-48E17FBF1AB0}.Debug|Any CPU.ActiveCfg = Debug|Any CPU
		{B65FA38A-578A-4F3B-B402-48E17FBF1AB0}.Debug|Any CPU.Build.0 = Debug|Any CPU
		{B65FA38A-578A-4F3B-B402-48E17FBF1AB0}.Release|Any CPU.ActiveCfg = Release|Any CPU
		{B65FA38A-578A-4F3B-B402-48E17FBF1AB0}.Release|Any CPU.Build.0 = Release|Any CPU
		{B7C78C15-C8AE-4335-8402-16AAD8690851}.Debug|Any CPU.ActiveCfg = Debug|Any CPU
		{B7C78C15-C8AE-4335-8402-16AAD8690851}.Debug|Any CPU.Build.0 = Debug|Any CPU
		{B7C78C15-C8AE-4335-8402-16AAD8690851}.Release|Any CPU.ActiveCfg = Release|Any CPU
		{B7C78C15-C8AE-4335-8402-16AAD8690851}.Release|Any CPU.Build.0 = Release|Any CPU
		{44A76E08-44B9-408C-8CF5-14212E72F399}.Debug|Any CPU.ActiveCfg = Debug|Any CPU
		{44A76E08-44B9-408C-8CF5-14212E72F399}.Debug|Any CPU.Build.0 = Debug|Any CPU
		{44A76E08-44B9-408C-8CF5-14212E72F399}.Release|Any CPU.ActiveCfg = Release|Any CPU
		{44A76E08-44B9-408C-8CF5-14212E72F399}.Release|Any CPU.Build.0 = Release|Any CPU
		{8231FB27-0612-49DB-94A1-F47326B6C9B5}.Debug|Any CPU.ActiveCfg = Debug|Any CPU
		{8231FB27-0612-49DB-94A1-F47326B6C9B5}.Debug|Any CPU.Build.0 = Debug|Any CPU
		{8231FB27-0612-49DB-94A1-F47326B6C9B5}.Release|Any CPU.ActiveCfg = Release|Any CPU
		{8231FB27-0612-49DB-94A1-F47326B6C9B5}.Release|Any CPU.Build.0 = Release|Any CPU
		{5CF292F6-0661-44F9-AB50-D01437353ACA}.Debug|Any CPU.ActiveCfg = Debug|Any CPU
		{5CF292F6-0661-44F9-AB50-D01437353ACA}.Debug|Any CPU.Build.0 = Debug|Any CPU
		{5CF292F6-0661-44F9-AB50-D01437353ACA}.Release|Any CPU.ActiveCfg = Release|Any CPU
		{5CF292F6-0661-44F9-AB50-D01437353ACA}.Release|Any CPU.Build.0 = Release|Any CPU
		{C4353DD6-8916-4E86-A73C-274A8817C245}.Debug|Any CPU.ActiveCfg = Debug|Any CPU
		{C4353DD6-8916-4E86-A73C-274A8817C245}.Debug|Any CPU.Build.0 = Debug|Any CPU
		{C4353DD6-8916-4E86-A73C-274A8817C245}.Release|Any CPU.ActiveCfg = Release|Any CPU
		{C4353DD6-8916-4E86-A73C-274A8817C245}.Release|Any CPU.Build.0 = Release|Any CPU
	EndGlobalSection
	GlobalSection(SolutionProperties) = preSolution
		HideSolutionNode = FALSE
	EndGlobalSection
	GlobalSection(NestedProjects) = preSolution
		{31FD5CBF-EA7C-46CC-A06B-CDB040290837} = {C3B097F6-7A86-4CF1-8A8A-A3533D7883DB}
		{23A8318E-556E-484F-907B-7795F4FD0A79} = {C3B097F6-7A86-4CF1-8A8A-A3533D7883DB}
		{362E6C34-930F-405C-89C8-BDE67158BB12} = {C3B097F6-7A86-4CF1-8A8A-A3533D7883DB}
		{C4B815E2-9A98-42B2-B53E-8A6022987EC3} = {C3B097F6-7A86-4CF1-8A8A-A3533D7883DB}
		{9CDA1285-1914-4EEC-ACAF-7421690E7115} = {C3B097F6-7A86-4CF1-8A8A-A3533D7883DB}
		{BFCFAFE4-803C-4044-A872-3944A17F8CA9} = {9BDACEE1-F0B4-4AB4-A8DC-8EC598EB752B}
		{20573D40-6B73-4B74-A81D-2224E36C87AE} = {9BDACEE1-F0B4-4AB4-A8DC-8EC598EB752B}
		{7BEFFED2-A19A-437A-9418-85AB7D7CE6F9} = {9BDACEE1-F0B4-4AB4-A8DC-8EC598EB752B}
		{F6608D87-82B7-43E1-9A22-814CD2F3B1DC} = {9BDACEE1-F0B4-4AB4-A8DC-8EC598EB752B}
		{9762F786-DF2E-45E3-9F4B-4290BD333275} = {9BDACEE1-F0B4-4AB4-A8DC-8EC598EB752B}
		{D0313AEB-D697-4C37-BEF9-3854A5CAD203} = {1B31681F-FBCE-4AF8-B2A1-7569EF90C22A}
		{B32B2394-0470-403D-B92D-A4AF561D7E0F} = {1B31681F-FBCE-4AF8-B2A1-7569EF90C22A}
		{7F364302-FF44-4101-8ED9-256521543AE6} = {1B31681F-FBCE-4AF8-B2A1-7569EF90C22A}
		{B65FA38A-578A-4F3B-B402-48E17FBF1AB0} = {1B31681F-FBCE-4AF8-B2A1-7569EF90C22A}
		{B7C78C15-C8AE-4335-8402-16AAD8690851} = {6F32EBB7-E403-4012-B2FC-C7675E3DC83A}
		{44A76E08-44B9-408C-8CF5-14212E72F399} = {6F32EBB7-E403-4012-B2FC-C7675E3DC83A}
		{8231FB27-0612-49DB-94A1-F47326B6C9B5} = {6F32EBB7-E403-4012-B2FC-C7675E3DC83A}
		{5CF292F6-0661-44F9-AB50-D01437353ACA} = {6F32EBB7-E403-4012-B2FC-C7675E3DC83A}
		{C4353DD6-8916-4E86-A73C-274A8817C245} = {315FCDBD-805A-4B5E-BA2E-199A141D9E28}
	EndGlobalSection
	GlobalSection(ExtensibilityGlobals) = postSolution
		SolutionGuid = {B35B1115-661F-4C6B-98E6-49EAC9F00C14}
	EndGlobalSection
EndGlobal
